
Microsoft Visual Studio Solution File, Format Version 12.00
# Visual Studio Version 16
VisualStudioVersion = 16.0.29424.173
MinimumVisualStudioVersion = 10.0.40219.1
Project("{FAE04EC0-301F-11D3-BF4B-00C04F79EFBC}") = "RegistroLicencias", "RegistroLicencias\RegistroLicencias.csproj", "{63072F0A-E255-4D41-A6CE-79811E0A0FE3}"
EndProject
Global
	GlobalSection(SolutionConfigurationPlatforms) = preSolution
		Debug|Any CPU = Debug|Any CPU
		Release|Any CPU = Release|Any CPU
	EndGlobalSection
	GlobalSection(ProjectConfigurationPlatforms) = postSolution
		{63072F0A-E255-4D41-A6CE-79811E0A0FE3}.Debug|Any CPU.ActiveCfg = Debug|Any CPU
		{63072F0A-E255-4D41-A6CE-79811E0A0FE3}.Debug|Any CPU.Build.0 = Debug|Any CPU
		{63072F0A-E255-4D41-A6CE-79811E0A0FE3}.Release|Any CPU.ActiveCfg = Release|Any CPU
		{63072F0A-E255-4D41-A6CE-79811E0A0FE3}.Release|Any CPU.Build.0 = Release|Any CPU
	EndGlobalSection
	GlobalSection(SolutionProperties) = preSolution
		HideSolutionNode = FALSE
	EndGlobalSection
	GlobalSection(ExtensibilityGlobals) = postSolution
		SolutionGuid = {A9E0BC4C-7575-416B-B440-8991ADE24FBE}
	EndGlobalSection
EndGlobal
